// !$*UTF8*$!
{
	archiveVersion = 1;
	classes = {
	};
	objectVersion = 51;
	objects = {

/* Begin PBXBuildFile section */
		3715D08522DCCDEE0024D9E8 /* AppDelegate.swift in Sources */ = {isa = PBXBuildFile; fileRef = 3715D08422DCCDEE0024D9E8 /* AppDelegate.swift */; };
		3715D08722DCCDEE0024D9E8 /* ViewController.swift in Sources */ = {isa = PBXBuildFile; fileRef = 3715D08622DCCDEE0024D9E8 /* ViewController.swift */; };
		3715D08A22DCCDEE0024D9E8 /* Main.storyboard in Resources */ = {isa = PBXBuildFile; fileRef = 3715D08822DCCDEE0024D9E8 /* Main.storyboard */; };
		3715D08D22DCCDEE0024D9E8 /* YourTimer.xcdatamodeld in Sources */ = {isa = PBXBuildFile; fileRef = 3715D08B22DCCDEE0024D9E8 /* YourTimer.xcdatamodeld */; };
		3715D08F22DCCDEF0024D9E8 /* Assets.xcassets in Resources */ = {isa = PBXBuildFile; fileRef = 3715D08E22DCCDEF0024D9E8 /* Assets.xcassets */; };
		3715D09222DCCDEF0024D9E8 /* LaunchScreen.storyboard in Resources */ = {isa = PBXBuildFile; fileRef = 3715D09022DCCDEF0024D9E8 /* LaunchScreen.storyboard */; };
		371BDD9B2305AFC800AE9785 /* recordTimesCell.swift in Sources */ = {isa = PBXBuildFile; fileRef = 371BDD9A2305AFC800AE9785 /* recordTimesCell.swift */; };
		37E5C3592301819800FE3704 /* RecordsTableViewController.swift in Sources */ = {isa = PBXBuildFile; fileRef = 37E5C3582301819800FE3704 /* RecordsTableViewController.swift */; };
		E8C6B250F97C90F329A4FB5F /* Pods_YourTimer.framework in Frameworks */ = {isa = PBXBuildFile; fileRef = 32E021F0C8A777FDEE4CFFFD /* Pods_YourTimer.framework */; };
/* End PBXBuildFile section */

/* Begin PBXFileReference section */
		32E021F0C8A777FDEE4CFFFD /* Pods_YourTimer.framework */ = {isa = PBXFileReference; explicitFileType = wrapper.framework; includeInIndex = 0; path = Pods_YourTimer.framework; sourceTree = BUILT_PRODUCTS_DIR; };
		3715D08122DCCDEE0024D9E8 /* YourTimer.app */ = {isa = PBXFileReference; explicitFileType = wrapper.application; includeInIndex = 0; path = YourTimer.app; sourceTree = BUILT_PRODUCTS_DIR; };
		3715D08422DCCDEE0024D9E8 /* AppDelegate.swift */ = {isa = PBXFileReference; lastKnownFileType = sourcecode.swift; path = AppDelegate.swift; sourceTree = "<group>"; };
		3715D08622DCCDEE0024D9E8 /* ViewController.swift */ = {isa = PBXFileReference; lastKnownFileType = sourcecode.swift; path = ViewController.swift; sourceTree = "<group>"; };
		3715D08922DCCDEE0024D9E8 /* Base */ = {isa = PBXFileReference; lastKnownFileType = file.storyboard; name = Base; path = Base.lproj/Main.storyboard; sourceTree = "<group>"; };
		3715D08C22DCCDEE0024D9E8 /* YourTimer.xcdatamodel */ = {isa = PBXFileReference; lastKnownFileType = wrapper.xcdatamodel; path = YourTimer.xcdatamodel; sourceTree = "<group>"; };
		3715D08E22DCCDEF0024D9E8 /* Assets.xcassets */ = {isa = PBXFileReference; lastKnownFileType = folder.assetcatalog; path = Assets.xcassets; sourceTree = "<group>"; };
		3715D09122DCCDEF0024D9E8 /* Base */ = {isa = PBXFileReference; lastKnownFileType = file.storyboard; name = Base; path = Base.lproj/LaunchScreen.storyboard; sourceTree = "<group>"; };
		3715D09322DCCDEF0024D9E8 /* Info.plist */ = {isa = PBXFileReference; lastKnownFileType = text.plist.xml; path = Info.plist; sourceTree = "<group>"; };
		371BDD9A2305AFC800AE9785 /* recordTimesCell.swift */ = {isa = PBXFileReference; lastKnownFileType = sourcecode.swift; path = recordTimesCell.swift; sourceTree = "<group>"; };
		37E5C3582301819800FE3704 /* RecordsTableViewController.swift */ = {isa = PBXFileReference; lastKnownFileType = sourcecode.swift; path = RecordsTableViewController.swift; sourceTree = "<group>"; };
		61C3B4874FF06FA582F33874 /* Pods-YourTimer.release.xcconfig */ = {isa = PBXFileReference; includeInIndex = 1; lastKnownFileType = text.xcconfig; name = "Pods-YourTimer.release.xcconfig"; path = "Target Support Files/Pods-YourTimer/Pods-YourTimer.release.xcconfig"; sourceTree = "<group>"; };
		E48FCDF9082196E16BBB69A6 /* Pods-YourTimer.debug.xcconfig */ = {isa = PBXFileReference; includeInIndex = 1; lastKnownFileType = text.xcconfig; name = "Pods-YourTimer.debug.xcconfig"; path = "Target Support Files/Pods-YourTimer/Pods-YourTimer.debug.xcconfig"; sourceTree = "<group>"; };
/* End PBXFileReference section */

/* Begin PBXFrameworksBuildPhase section */
		3715D07E22DCCDEE0024D9E8 /* Frameworks */ = {
			isa = PBXFrameworksBuildPhase;
			buildActionMask = 2147483647;
			files = (
				E8C6B250F97C90F329A4FB5F /* Pods_YourTimer.framework in Frameworks */,
			);
			runOnlyForDeploymentPostprocessing = 0;
		};
/* End PBXFrameworksBuildPhase section */

/* Begin PBXGroup section */
		3715D07822DCCDEE0024D9E8 = {
			isa = PBXGroup;
			children = (
				3715D08322DCCDEE0024D9E8 /* YourTimer */,
				3715D08222DCCDEE0024D9E8 /* Products */,
				D3E553CEB457A529E40D4AE5 /* Pods */,
				747A6FE13949723B12F6BB69 /* Frameworks */,
			);
			sourceTree = "<group>";
		};
		3715D08222DCCDEE0024D9E8 /* Products */ = {
			isa = PBXGroup;
			children = (
				3715D08122DCCDEE0024D9E8 /* YourTimer.app */,
			);
			name = Products;
			sourceTree = "<group>";
		};
		3715D08322DCCDEE0024D9E8 /* YourTimer */ = {
			isa = PBXGroup;
			children = (
				37F312B122DE2FB000F22B98 /* View */,
				37F312B022DE2F9B00F22B98 /* Controller */,
				37F312B222DE300A00F22B98 /* Model */,
				3715D08422DCCDEE0024D9E8 /* AppDelegate.swift */,
				3715D08E22DCCDEF0024D9E8 /* Assets.xcassets */,
				3715D09022DCCDEF0024D9E8 /* LaunchScreen.storyboard */,
				3715D09322DCCDEF0024D9E8 /* Info.plist */,
			);
			path = YourTimer;
			sourceTree = "<group>";
		};
		37F312B022DE2F9B00F22B98 /* Controller */ = {
			isa = PBXGroup;
			children = (
				3715D08622DCCDEE0024D9E8 /* ViewController.swift */,
				37E5C3582301819800FE3704 /* RecordsTableViewController.swift */,
			);
			path = Controller;
			sourceTree = "<group>";
		};
		37F312B122DE2FB000F22B98 /* View */ = {
			isa = PBXGroup;
			children = (
				3715D08822DCCDEE0024D9E8 /* Main.storyboard */,
				371BDD9A2305AFC800AE9785 /* recordTimesCell.swift */,
			);
			path = View;
			sourceTree = "<group>";
		};
		37F312B222DE300A00F22B98 /* Model */ = {
			isa = PBXGroup;
			children = (
				3715D08B22DCCDEE0024D9E8 /* YourTimer.xcdatamodeld */,
			);
			path = Model;
			sourceTree = "<group>";
		};
		747A6FE13949723B12F6BB69 /* Frameworks */ = {
			isa = PBXGroup;
			children = (
				32E021F0C8A777FDEE4CFFFD /* Pods_YourTimer.framework */,
			);
			name = Frameworks;
			sourceTree = "<group>";
		};
		D3E553CEB457A529E40D4AE5 /* Pods */ = {
			isa = PBXGroup;
			children = (
				E48FCDF9082196E16BBB69A6 /* Pods-YourTimer.debug.xcconfig */,
				61C3B4874FF06FA582F33874 /* Pods-YourTimer.release.xcconfig */,
			);
			path = Pods;
			sourceTree = "<group>";
		};
/* End PBXGroup section */

/* Begin PBXNativeTarget section */
		3715D08022DCCDEE0024D9E8 /* YourTimer */ = {
			isa = PBXNativeTarget;
			buildConfigurationList = 3715D09622DCCDF00024D9E8 /* Build configuration list for PBXNativeTarget "YourTimer" */;
			buildPhases = (
				FE1DBB86E1B0B51B9FAA0023 /* [CP] Check Pods Manifest.lock */,
				3715D07D22DCCDEE0024D9E8 /* Sources */,
				3715D07E22DCCDEE0024D9E8 /* Frameworks */,
				3715D07F22DCCDEE0024D9E8 /* Resources */,
				8980814CF3A7285BD3B410FC /* [CP] Embed Pods Frameworks */,
			);
			buildRules = (
			);
			dependencies = (
			);
			name = YourTimer;
			productName = YourTimer;
			productReference = 3715D08122DCCDEE0024D9E8 /* YourTimer.app */;
			productType = "com.apple.product-type.application";
		};
/* End PBXNativeTarget section */

/* Begin PBXProject section */
		3715D07922DCCDEE0024D9E8 /* Project object */ = {
			isa = PBXProject;
			attributes = {
				LastSwiftUpdateCheck = 1020;
				LastUpgradeCheck = 1020;
				ORGANIZATIONNAME = "SooRin Kim";
				TargetAttributes = {
					3715D08022DCCDEE0024D9E8 = {
						CreatedOnToolsVersion = 10.2.1;
						SystemCapabilities = {
							com.apple.BackgroundModes = {
								enabled = 0;
							};
						};
					};
				};
			};
			buildConfigurationList = 3715D07C22DCCDEE0024D9E8 /* Build configuration list for PBXProject "YourTimer" */;
			compatibilityVersion = "Xcode 9.3";
			developmentRegion = en;
			hasScannedForEncodings = 0;
			knownRegions = (
				en,
				Base,
			);
			mainGroup = 3715D07822DCCDEE0024D9E8;
			productRefGroup = 3715D08222DCCDEE0024D9E8 /* Products */;
			projectDirPath = "";
			projectRoot = "";
			targets = (
				3715D08022DCCDEE0024D9E8 /* YourTimer */,
			);
		};
/* End PBXProject section */

/* Begin PBXResourcesBuildPhase section */
		3715D07F22DCCDEE0024D9E8 /* Resources */ = {
			isa = PBXResourcesBuildPhase;
			buildActionMask = 2147483647;
			files = (
				3715D09222DCCDEF0024D9E8 /* LaunchScreen.storyboard in Resources */,
				3715D08F22DCCDEF0024D9E8 /* Assets.xcassets in Resources */,
				3715D08A22DCCDEE0024D9E8 /* Main.storyboard in Resources */,
			);
			runOnlyForDeploymentPostprocessing = 0;
		};
/* End PBXResourcesBuildPhase section */

/* Begin PBXShellScriptBuildPhase section */
		8980814CF3A7285BD3B410FC /* [CP] Embed Pods Frameworks */ = {
			isa = PBXShellScriptBuildPhase;
			buildActionMask = 2147483647;
			files = (
			);
			inputFileListPaths = (
				"${PODS_ROOT}/Target Support Files/Pods-YourTimer/Pods-YourTimer-frameworks-${CONFIGURATION}-input-files.xcfilelist",
			);
			name = "[CP] Embed Pods Frameworks";
			outputFileListPaths = (
				"${PODS_ROOT}/Target Support Files/Pods-YourTimer/Pods-YourTimer-frameworks-${CONFIGURATION}-output-files.xcfilelist",
			);
			runOnlyForDeploymentPostprocessing = 0;
			shellPath = /bin/sh;
			shellScript = "\"${PODS_ROOT}/Target Support Files/Pods-YourTimer/Pods-YourTimer-frameworks.sh\"\n";
			showEnvVarsInLog = 0;
		};
		FE1DBB86E1B0B51B9FAA0023 /* [CP] Check Pods Manifest.lock */ = {
			isa = PBXShellScriptBuildPhase;
			buildActionMask = 2147483647;
			files = (
			);
			inputFileListPaths = (
			);
			inputPaths = (
				"${PODS_PODFILE_DIR_PATH}/Podfile.lock",
				"${PODS_ROOT}/Manifest.lock",
			);
			name = "[CP] Check Pods Manifest.lock";
			outputFileListPaths = (
			);
			outputPaths = (
				"$(DERIVED_FILE_DIR)/Pods-YourTimer-checkManifestLockResult.txt",
			);
			runOnlyForDeploymentPostprocessing = 0;
			shellPath = /bin/sh;
			shellScript = "diff \"${PODS_PODFILE_DIR_PATH}/Podfile.lock\" \"${PODS_ROOT}/Manifest.lock\" > /dev/null\nif [ $? != 0 ] ; then\n    # print error to STDERR\n    echo \"error: The sandbox is not in sync with the Podfile.lock. Run 'pod install' or update your CocoaPods installation.\" >&2\n    exit 1\nfi\n# This output is used by Xcode 'outputs' to avoid re-running this script phase.\necho \"SUCCESS\" > \"${SCRIPT_OUTPUT_FILE_0}\"\n";
			showEnvVarsInLog = 0;
		};
/* End PBXShellScriptBuildPhase section */

/* Begin PBXSourcesBuildPhase section */
		3715D07D22DCCDEE0024D9E8 /* Sources */ = {
			isa = PBXSourcesBuildPhase;
			buildActionMask = 2147483647;
			files = (
				371BDD9B2305AFC800AE9785 /* recordTimesCell.swift in Sources */,
				37E5C3592301819800FE3704 /* RecordsTableViewController.swift in Sources */,
				3715D08D22DCCDEE0024D9E8 /* YourTimer.xcdatamodeld in Sources */,
				3715D08722DCCDEE0024D9E8 /* ViewController.swift in Sources */,
				3715D08522DCCDEE0024D9E8 /* AppDelegate.swift in Sources */,
			);
			runOnlyForDeploymentPostprocessing = 0;
		};
/* End PBXSourcesBuildPhase section */

/* Begin PBXVariantGroup section */
		3715D08822DCCDEE0024D9E8 /* Main.storyboard */ = {
			isa = PBXVariantGroup;
			children = (
				3715D08922DCCDEE0024D9E8 /* Base */,
			);
			name = Main.storyboard;
			sourceTree = "<group>";
		};
		3715D09022DCCDEF0024D9E8 /* LaunchScreen.storyboard */ = {
			isa = PBXVariantGroup;
			children = (
				3715D09122DCCDEF0024D9E8 /* Base */,
			);
			name = LaunchScreen.storyboard;
			sourceTree = "<group>";
		};
/* End PBXVariantGroup section */

/* Begin XCBuildConfiguration section */
		3715D09422DCCDEF0024D9E8 /* Debug */ = {
			isa = XCBuildConfiguration;
			buildSettings = {
				ALWAYS_SEARCH_USER_PATHS = NO;
				CLANG_ANALYZER_NONNULL = YES;
				CLANG_ANALYZER_NUMBER_OBJECT_CONVERSION = YES_AGGRESSIVE;
				CLANG_CXX_LANGUAGE_STANDARD = "gnu++14";
				CLANG_CXX_LIBRARY = "libc++";
				CLANG_ENABLE_MODULES = YES;
				CLANG_ENABLE_OBJC_ARC = YES;
				CLANG_ENABLE_OBJC_WEAK = YES;
				CLANG_WARN_BLOCK_CAPTURE_AUTORELEASING = YES;
				CLANG_WARN_BOOL_CONVERSION = YES;
				CLANG_WARN_COMMA = YES;
				CLANG_WARN_CONSTANT_CONVERSION = YES;
				CLANG_WARN_DEPRECATED_OBJC_IMPLEMENTATIONS = YES;
				CLANG_WARN_DIRECT_OBJC_ISA_USAGE = YES_ERROR;
				CLANG_WARN_DOCUMENTATION_COMMENTS = YES;
				CLANG_WARN_EMPTY_BODY = YES;
				CLANG_WARN_ENUM_CONVERSION = YES;
				CLANG_WARN_INFINITE_RECURSION = YES;
				CLANG_WARN_INT_CONVERSION = YES;
				CLANG_WARN_NON_LITERAL_NULL_CONVERSION = YES;
				CLANG_WARN_OBJC_IMPLICIT_RETAIN_SELF = YES;
				CLANG_WARN_OBJC_LITERAL_CONVERSION = YES;
				CLANG_WARN_OBJC_ROOT_CLASS = YES_ERROR;
				CLANG_WARN_RANGE_LOOP_ANALYSIS = YES;
				CLANG_WARN_STRICT_PROTOTYPES = YES;
				CLANG_WARN_SUSPICIOUS_MOVE = YES;
				CLANG_WARN_UNGUARDED_AVAILABILITY = YES_AGGRESSIVE;
				CLANG_WARN_UNREACHABLE_CODE = YES;
				CLANG_WARN__DUPLICATE_METHOD_MATCH = YES;
				CODE_SIGN_IDENTITY = "iPhone Developer";
				COPY_PHASE_STRIP = NO;
				DEBUG_INFORMATION_FORMAT = dwarf;
				ENABLE_STRICT_OBJC_MSGSEND = YES;
				ENABLE_TESTABILITY = YES;
				GCC_C_LANGUAGE_STANDARD = gnu11;
				GCC_DYNAMIC_NO_PIC = NO;
				GCC_NO_COMMON_BLOCKS = YES;
				GCC_OPTIMIZATION_LEVEL = 0;
				GCC_PREPROCESSOR_DEFINITIONS = (
					"DEBUG=1",
					"$(inherited)",
				);
				GCC_WARN_64_TO_32_BIT_CONVERSION = YES;
				GCC_WARN_ABOUT_RETURN_TYPE = YES_ERROR;
				GCC_WARN_UNDECLARED_SELECTOR = YES;
				GCC_WARN_UNINITIALIZED_AUTOS = YES_AGGRESSIVE;
				GCC_WARN_UNUSED_FUNCTION = YES;
				GCC_WARN_UNUSED_VARIABLE = YES;
				IPHONEOS_DEPLOYMENT_TARGET = 12.2;
				MTL_ENABLE_DEBUG_INFO = INCLUDE_SOURCE;
				MTL_FAST_MATH = YES;
				ONLY_ACTIVE_ARCH = YES;
				SDKROOT = iphoneos;
				SWIFT_ACTIVE_COMPILATION_CONDITIONS = DEBUG;
				SWIFT_OPTIMIZATION_LEVEL = "-Onone";
			};
			name = Debug;
		};
		3715D09522DCCDEF0024D9E8 /* Release */ = {
			isa = XCBuildConfiguration;
			buildSettings = {
				ALWAYS_SEARCH_USER_PATHS = NO;
				CLANG_ANALYZER_NONNULL = YES;
				CLANG_ANALYZER_NUMBER_OBJECT_CONVERSION = YES_AGGRESSIVE;
				CLANG_CXX_LANGUAGE_STANDARD = "gnu++14";
				CLANG_CXX_LIBRARY = "libc++";
				CLANG_ENABLE_MODULES = YES;
				CLANG_ENABLE_OBJC_ARC = YES;
				CLANG_ENABLE_OBJC_WEAK = YES;
				CLANG_WARN_BLOCK_CAPTURE_AUTORELEASING = YES;
				CLANG_WARN_BOOL_CONVERSION = YES;
				CLANG_WARN_COMMA = YES;
				CLANG_WARN_CONSTANT_CONVERSION = YES;
				CLANG_WARN_DEPRECATED_OBJC_IMPLEMENTATIONS = YES;
				CLANG_WARN_DIRECT_OBJC_ISA_USAGE = YES_ERROR;
				CLANG_WARN_DOCUMENTATION_COMMENTS = YES;
				CLANG_WARN_EMPTY_BODY = YES;
				CLANG_WARN_ENUM_CONVERSION = YES;
				CLANG_WARN_INFINITE_RECURSION = YES;
				CLANG_WARN_INT_CONVERSION = YES;
				CLANG_WARN_NON_LITERAL_NULL_CONVERSION = YES;
				CLANG_WARN_OBJC_IMPLICIT_RETAIN_SELF = YES;
				CLANG_WARN_OBJC_LITERAL_CONVERSION = YES;
				CLANG_WARN_OBJC_ROOT_CLASS = YES_ERROR;
				CLANG_WARN_RANGE_LOOP_ANALYSIS = YES;
				CLANG_WARN_STRICT_PROTOTYPES = YES;
				CLANG_WARN_SUSPICIOUS_MOVE = YES;
				CLANG_WARN_UNGUARDED_AVAILABILITY = YES_AGGRESSIVE;
				CLANG_WARN_UNREACHABLE_CODE = YES;
				CLANG_WARN__DUPLICATE_METHOD_MATCH = YES;
				CODE_SIGN_IDENTITY = "iPhone Developer";
				COPY_PHASE_STRIP = NO;
				DEBUG_INFORMATION_FORMAT = "dwarf-with-dsym";
				ENABLE_NS_ASSERTIONS = NO;
				ENABLE_STRICT_OBJC_MSGSEND = YES;
				GCC_C_LANGUAGE_STANDARD = gnu11;
				GCC_NO_COMMON_BLOCKS = YES;
				GCC_WARN_64_TO_32_BIT_CONVERSION = YES;
				GCC_WARN_ABOUT_RETURN_TYPE = YES_ERROR;
				GCC_WARN_UNDECLARED_SELECTOR = YES;
				GCC_WARN_UNINITIALIZED_AUTOS = YES_AGGRESSIVE;
				GCC_WARN_UNUSED_FUNCTION = YES;
				GCC_WARN_UNUSED_VARIABLE = YES;
				IPHONEOS_DEPLOYMENT_TARGET = 12.2;
				MTL_ENABLE_DEBUG_INFO = NO;
				MTL_FAST_MATH = YES;
				SDKROOT = iphoneos;
				SWIFT_COMPILATION_MODE = wholemodule;
				SWIFT_OPTIMIZATION_LEVEL = "-O";
				VALIDATE_PRODUCT = YES;
			};
			name = Release;
		};
		3715D09722DCCDF00024D9E8 /* Debug */ = {
			isa = XCBuildConfiguration;
			baseConfigurationReference = E48FCDF9082196E16BBB69A6 /* Pods-YourTimer.debug.xcconfig */;
			buildSettings = {
				ASSETCATALOG_COMPILER_APPICON_NAME = AppIcon;
				CODE_SIGN_STYLE = Automatic;
				DEVELOPMENT_TEAM = 28TQXS9NQX;
				INFOPLIST_FILE = YourTimer/Info.plist;
				LD_RUNPATH_SEARCH_PATHS = (
					"$(inherited)",
					"@executable_path/Frameworks",
				);
				PRODUCT_BUNDLE_IDENTIFIER = kr.co.onsemirorecipe.YourTimer;
				PRODUCT_NAME = "$(TARGET_NAME)";
				SWIFT_VERSION = 5.0;
				TARGETED_DEVICE_FAMILY = "1,2";
			};
			name = Debug;
		};
		3715D09822DCCDF00024D9E8 /* Release */ = {
			isa = XCBuildConfiguration;
			baseConfigurationReference = 61C3B4874FF06FA582F33874 /* Pods-YourTimer.release.xcconfig */;
			buildSettings = {
				ASSETCATALOG_COMPILER_APPICON_NAME = AppIcon;
				CODE_SIGN_STYLE = Automatic;
				DEVELOPMENT_TEAM = 28TQXS9NQX;
				INFOPLIST_FILE = YourTimer/Info.plist;
				LD_RUNPATH_SEARCH_PATHS = (
					"$(inherited)",
					"@executable_path/Frameworks",
				);
				PRODUCT_BUNDLE_IDENTIFIER = kr.co.onsemirorecipe.YourTimer;
				PRODUCT_NAME = "$(TARGET_NAME)";
				SWIFT_VERSION = 5.0;
				TARGETED_DEVICE_FAMILY = "1,2";
			};
			name = Release;
		};
/* End XCBuildConfiguration section */

/* Begin XCConfigurationList section */
		3715D07C22DCCDEE0024D9E8 /* Build configuration list for PBXProject "YourTimer" */ = {
			isa = XCConfigurationList;
			buildConfigurations = (
				3715D09422DCCDEF0024D9E8 /* Debug */,
				3715D09522DCCDEF0024D9E8 /* Release */,
			);
			defaultConfigurationIsVisible = 0;
			defaultConfigurationName = Release;
		};
		3715D09622DCCDF00024D9E8 /* Build configuration list for PBXNativeTarget "YourTimer" */ = {
			isa = XCConfigurationList;
			buildConfigurations = (
				3715D09722DCCDF00024D9E8 /* Debug */,
				3715D09822DCCDF00024D9E8 /* Release */,
			);
			defaultConfigurationIsVisible = 0;
			defaultConfigurationName = Release;
		};
/* End XCConfigurationList section */

/* Begin XCVersionGroup section */
		3715D08B22DCCDEE0024D9E8 /* YourTimer.xcdatamodeld */ = {
			isa = XCVersionGroup;
			children = (
				3715D08C22DCCDEE0024D9E8 /* YourTimer.xcdatamodel */,
			);
			currentVersion = 3715D08C22DCCDEE0024D9E8 /* YourTimer.xcdatamodel */;
			path = YourTimer.xcdatamodeld;
			sourceTree = "<group>";
			versionGroupType = wrapper.xcdatamodel;
		};
/* End XCVersionGroup section */
	};
	rootObject = 3715D07922DCCDEE0024D9E8 /* Project object */;
}
